
Microsoft Visual Studio Solution File, Format Version 12.00
# Visual Studio 15
Project("{FAE04EC0-301F-11D3-BF4B-00C04F79EFBC}") = "Assembly-CSharp", "Assembly-CSharp.csproj", "{A44B1E25-1DD3-B1D1-0E2B-B6A952A72D6C}"
EndProject
Global
	GlobalSection(SolutionConfigurationPlatforms) = preSolution
		Debug|Any CPU = Debug|Any CPU
		Release|Any CPU = Release|Any CPU
	EndGlobalSection
	GlobalSection(ProjectConfigurationPlatforms) = postSolution
		{A44B1E25-1DD3-B1D1-0E2B-B6A952A72D6C}.Debug|Any CPU.ActiveCfg = Debug|Any CPU
		{A44B1E25-1DD3-B1D1-0E2B-B6A952A72D6C}.Debug|Any CPU.Build.0 = Debug|Any CPU
		{A44B1E25-1DD3-B1D1-0E2B-B6A952A72D6C}.Release|Any CPU.ActiveCfg = Release|Any CPU
		{A44B1E25-1DD3-B1D1-0E2B-B6A952A72D6C}.Release|Any CPU.Build.0 = Release|Any CPU
	EndGlobalSection
	GlobalSection(SolutionProperties) = preSolution
		HideSolutionNode = FALSE
	EndGlobalSection
EndGlobal
